
Microsoft Visual Studio Solution File, Format Version 12.00
# Visual Studio Version 17
VisualStudioVersion = 17.10.35027.167
MinimumVisualStudioVersion = 10.0.40219.1
Project("{9A19103F-16F7-4668-BE54-9A1E7A4F7556}") = "TreasureHuntSimulator", "TreasureHuntSimulator\TreasureHuntSimulator.csproj", "{D08CB090-74A8-4A9E-8ADF-C2DD1C73D350}"
EndProject
Project("{FAE04EC0-301F-11D3-BF4B-00C04F79EFBC}") = "TreasureHuntSimulator.Tests", "TreasureHuntSimulator.Tests\TreasureHuntSimulator.Tests.csproj", "{8C388552-29C9-4F29-A885-A8A5F1F4E8FE}"
EndProject
Global
	GlobalSection(SolutionConfigurationPlatforms) = preSolution
		Debug|Any CPU = Debug|Any CPU
		Release|Any CPU = Release|Any CPU
	EndGlobalSection
	GlobalSection(ProjectConfigurationPlatforms) = postSolution
		{D08CB090-74A8-4A9E-8ADF-C2DD1C73D350}.Debug|Any CPU.ActiveCfg = Debug|Any CPU
		{D08CB090-74A8-4A9E-8ADF-C2DD1C73D350}.Debug|Any CPU.Build.0 = Debug|Any CPU
		{D08CB090-74A8-4A9E-8ADF-C2DD1C73D350}.Release|Any CPU.ActiveCfg = Release|Any CPU
		{D08CB090-74A8-4A9E-8ADF-C2DD1C73D350}.Release|Any CPU.Build.0 = Release|Any CPU
		{8C388552-29C9-4F29-A885-A8A5F1F4E8FE}.Debug|Any CPU.ActiveCfg = Debug|Any CPU
		{8C388552-29C9-4F29-A885-A8A5F1F4E8FE}.Debug|Any CPU.Build.0 = Debug|Any CPU
		{8C388552-29C9-4F29-A885-A8A5F1F4E8FE}.Release|Any CPU.ActiveCfg = Release|Any CPU
		{8C388552-29C9-4F29-A885-A8A5F1F4E8FE}.Release|Any CPU.Build.0 = Release|Any CPU
	EndGlobalSection
	GlobalSection(SolutionProperties) = preSolution
		HideSolutionNode = FALSE
	EndGlobalSection
	GlobalSection(ExtensibilityGlobals) = postSolution
		SolutionGuid = {C1C7B460-550B-48AC-92FC-8CA5203E56D0}
	EndGlobalSection
EndGlobal
